PODS:
  - Instamojo (1.0.15)

DEPENDENCIES:
  - Instamojo (from `https://github.com/Instamojo/ios-sdk.git`)

EXTERNAL SOURCES:
  Instamojo:
    :git: https://github.com/Instamojo/ios-sdk.git

CHECKOUT OPTIONS:
  Instamojo:
    :commit: f400dad115967bf1461d809e7a72a5da2d5f2519
    :git: https://github.com/Instamojo/ios-sdk.git

SPEC CHECKSUMS:
  Instamojo: 1a8b283cdb0ad98c728fc7e6b6455b46c85f82b8

PODFILE CHECKSUM: efe8c9a7db6198ac686c44de4f8e35838892c880

COCOAPODS: 1.5.3
